
Microsoft Visual Studio Solution File, Format Version 12.00
# Visual Studio Version 17
VisualStudioVersion = 17.14.36127.28 d17.14
MinimumVisualStudioVersion = 10.0.40219.1
Project("{FAE04EC0-301F-11D3-BF4B-00C04F79EFBC}") = "OOP-PROJECT", "OOP-PROJECT\OOP-PROJECT.csproj", "{5B095548-6751-42C0-ACAB-A4F86C3E016B}"
EndProject
Global
	GlobalSection(SolutionConfigurationPlatforms) = preSolution
		Debug|Any CPU = Debug|Any CPU
		Release|Any CPU = Release|Any CPU
	EndGlobalSection
	GlobalSection(ProjectConfigurationPlatforms) = postSolution
		{5B095548-6751-42C0-ACAB-A4F86C3E016B}.Debug|Any CPU.ActiveCfg = Debug|Any CPU
		{5B095548-6751-42C0-ACAB-A4F86C3E016B}.Debug|Any CPU.Build.0 = Debug|Any CPU
		{5B095548-6751-42C0-ACAB-A4F86C3E016B}.Release|Any CPU.ActiveCfg = Release|Any CPU
		{5B095548-6751-42C0-ACAB-A4F86C3E016B}.Release|Any CPU.Build.0 = Release|Any CPU
	EndGlobalSection
	GlobalSection(SolutionProperties) = preSolution
		HideSolutionNode = FALSE
	EndGlobalSection
	GlobalSection(ExtensibilityGlobals) = postSolution
		SolutionGuid = {035224C7-A99C-4D55-97EC-7D14AC0876A9}
	EndGlobalSection
EndGlobal
